
Microsoft Visual Studio Solution File, Format Version 12.00
# Visual Studio 15
Project("{FAE04EC0-301F-11D3-BF4B-00C04F79EFBC}") = "Matrices", "Matrices\Matrices.csproj", "{07D1403D-FFDF-41C8-9A2C-3D8CC91536BA}"
EndProject
Global
	GlobalSection(SolutionConfigurationPlatforms) = preSolution
		Debug|Any CPU = Debug|Any CPU
		Release|Any CPU = Release|Any CPU
	EndGlobalSection
	GlobalSection(ProjectConfigurationPlatforms) = postSolution
		{07D1403D-FFDF-41C8-9A2C-3D8CC91536BA}.Debug|Any CPU.ActiveCfg = Debug|Any CPU
		{07D1403D-FFDF-41C8-9A2C-3D8CC91536BA}.Debug|Any CPU.Build.0 = Debug|Any CPU
		{07D1403D-FFDF-41C8-9A2C-3D8CC91536BA}.Release|Any CPU.ActiveCfg = Release|Any CPU
		{07D1403D-FFDF-41C8-9A2C-3D8CC91536BA}.Release|Any CPU.Build.0 = Release|Any CPU
	EndGlobalSection
EndGlobal
